{
  "version": 4,
  "terraform_version": "1.4.6",
  "serial": 7,
  "lineage": "75966db7-1546-4cd5-8cee-38a4501427e7",
  "outputs": {
    "app_url": {
      "value": "https://wedding-backend-app.herokuapp.com/",
      "type": "string"
    }
  },
  "resources": [
    {
      "mode": "managed",
      "type": "heroku_app",
      "name": "wedding_backend_app",
      "provider": "provider[\"registry.terraform.io/heroku/heroku\"]",
      "instances": [
        {
          "schema_version": 1,
          "attributes": {
            "acm": false,
            "all_config_vars": {
              "ENV_VARIABLE_1": "VALUE_1",
              "ENV_VARIABLE_2": "VALUE_2"
            },
            "buildpacks": [
              "heroku/nodejs",
              "heroku/python"
            ],
            "config_vars": {
              "ENV_VARIABLE_1": "VALUE_1",
              "ENV_VARIABLE_2": "VALUE_2"
            },
            "git_url": "https://git.heroku.com/wedding-backend-app.git",
            "heroku_hostname": "wedding-backend-app.herokuapp.com",
            "id": "b035967a-cf2d-4435-afb3-e4a43c5c8499",
            "internal_routing": false,
            "name": "wedding-backend-app",
            "organization": [],
            "region": "eu",
            "sensitive_config_vars": {},
            "space": null,
            "stack": "heroku-22",
            "uuid": "b035967a-cf2d-4435-afb3-e4a43c5c8499",
            "web_url": "https://wedding-backend-app.herokuapp.com/"
          },
          "sensitive_attributes": [],
          "private": "eyJzY2hlbWFfdmVyc2lvbiI6IjEifQ=="
        }
      ]
    }
  ],
  "check_results": null
}
